{
  "version": 1,
  "dependencies": {
    "net7.0-windows7.0": {
      "DalamudPackager": {
        "type": "Direct",
        "requested": "[2.1.10, )",
        "resolved": "2.1.10",
        "contentHash": "S6NrvvOnLgT4GDdgwuKVJjbFo+8ZEj+JsEYk9ojjOR/MMfv1dIFpT8aRJQfI24rtDcw1uF+GnSSMN4WW1yt7fw=="
      },
      "Penumbra.Api": {
        "type": "Direct",
        "requested": "[1.0.5, )",
        "resolved": "1.0.5",
        "contentHash": "Ww7tlq68UF2catcu+y05lPtO8BZUElXyd/DSiim3UOAMPPbq0fVgUCR96v6taJuWrplWg9aYJVZXxcI4Pu4k6w=="
      }
    }
  }
}